
Microsoft Visual Studio Solution File, Format Version 12.00
# Visual Studio Version 17
VisualStudioVersion = 17.5.33530.505
MinimumVisualStudioVersion = 10.0.40219.1
Project("{FAE04EC0-301F-11D3-BF4B-00C04F79EFBC}") = "Mango.Web", "Mango.Web\Mango.Web.csproj", "{298E924A-F6FF-49F8-BD29-9C2BD8B311C3}"
EndProject
Project("{2150E333-8FDC-42A3-9474-1A3956D46DE8}") = "Services", "Services", "{93978016-95A5-49D3-B3DA-90C7F38389F2}"
EndProject
Project("{FAE04EC0-301F-11D3-BF4B-00C04F79EFBC}") = "Mango.Services.ProductAPI", "Mango.Services.ProductAPI\Mango.Services.ProductAPI.csproj", "{BF694E88-9986-4971-8689-340F87E75E1D}"
EndProject
Global
	GlobalSection(SolutionConfigurationPlatforms) = preSolution
		Debug|Any CPU = Debug|Any CPU
		Release|Any CPU = Release|Any CPU
	EndGlobalSection
	GlobalSection(ProjectConfigurationPlatforms) = postSolution
		{298E924A-F6FF-49F8-BD29-9C2BD8B311C3}.Debug|Any CPU.ActiveCfg = Debug|Any CPU
		{298E924A-F6FF-49F8-BD29-9C2BD8B311C3}.Debug|Any CPU.Build.0 = Debug|Any CPU
		{298E924A-F6FF-49F8-BD29-9C2BD8B311C3}.Release|Any CPU.ActiveCfg = Release|Any CPU
		{298E924A-F6FF-49F8-BD29-9C2BD8B311C3}.Release|Any CPU.Build.0 = Release|Any CPU
		{BF694E88-9986-4971-8689-340F87E75E1D}.Debug|Any CPU.ActiveCfg = Debug|Any CPU
		{BF694E88-9986-4971-8689-340F87E75E1D}.Debug|Any CPU.Build.0 = Debug|Any CPU
		{BF694E88-9986-4971-8689-340F87E75E1D}.Release|Any CPU.ActiveCfg = Release|Any CPU
		{BF694E88-9986-4971-8689-340F87E75E1D}.Release|Any CPU.Build.0 = Release|Any CPU
	EndGlobalSection
	GlobalSection(SolutionProperties) = preSolution
		HideSolutionNode = FALSE
	EndGlobalSection
	GlobalSection(NestedProjects) = preSolution
		{BF694E88-9986-4971-8689-340F87E75E1D} = {93978016-95A5-49D3-B3DA-90C7F38389F2}
	EndGlobalSection
	GlobalSection(ExtensibilityGlobals) = postSolution
		SolutionGuid = {ECB0792D-25E1-4E3C-BE3C-5172DE56C0EB}
	EndGlobalSection
EndGlobal
